
Microsoft Visual Studio Solution File, Format Version 12.00
# Visual Studio Version 17
VisualStudioVersion = 17.7.34202.233
MinimumVisualStudioVersion = 10.0.40219.1
Project("{9A19103F-16F7-4668-BE54-9A1E7A4F7556}") = "EFAirlinesLibrary", "EFAirlinesLibrary\EFAirlinesLibrary.csproj", "{06DAF6BE-2011-428E-8E22-341A762C8F60}"
EndProject
Project("{9A19103F-16F7-4668-BE54-9A1E7A4F7556}") = "AirlinesWebApi", "AirlinesWebApi\AirlinesWebApi.csproj", "{1DBC549B-430E-4980-B686-6CEE58D8C1D6}"
EndProject
Project("{9A19103F-16F7-4668-BE54-9A1E7A4F7556}") = "AirlinesMvcApp", "AirlinesMvcApp\AirlinesMvcApp.csproj", "{43099D0A-8BBB-4627-B7E1-73B3DBE1532F}"
EndProject
Global
	GlobalSection(SolutionConfigurationPlatforms) = preSolution
		Debug|Any CPU = Debug|Any CPU
		Release|Any CPU = Release|Any CPU
	EndGlobalSection
	GlobalSection(ProjectConfigurationPlatforms) = postSolution
		{06DAF6BE-2011-428E-8E22-341A762C8F60}.Debug|Any CPU.ActiveCfg = Debug|Any CPU
		{06DAF6BE-2011-428E-8E22-341A762C8F60}.Debug|Any CPU.Build.0 = Debug|Any CPU
		{06DAF6BE-2011-428E-8E22-341A762C8F60}.Release|Any CPU.ActiveCfg = Release|Any CPU
		{06DAF6BE-2011-428E-8E22-341A762C8F60}.Release|Any CPU.Build.0 = Release|Any CPU
		{1DBC549B-430E-4980-B686-6CEE58D8C1D6}.Debug|Any CPU.ActiveCfg = Debug|Any CPU
		{1DBC549B-430E-4980-B686-6CEE58D8C1D6}.Debug|Any CPU.Build.0 = Debug|Any CPU
		{1DBC549B-430E-4980-B686-6CEE58D8C1D6}.Release|Any CPU.ActiveCfg = Release|Any CPU
		{1DBC549B-430E-4980-B686-6CEE58D8C1D6}.Release|Any CPU.Build.0 = Release|Any CPU
		{43099D0A-8BBB-4627-B7E1-73B3DBE1532F}.Debug|Any CPU.ActiveCfg = Debug|Any CPU
		{43099D0A-8BBB-4627-B7E1-73B3DBE1532F}.Debug|Any CPU.Build.0 = Debug|Any CPU
		{43099D0A-8BBB-4627-B7E1-73B3DBE1532F}.Release|Any CPU.ActiveCfg = Release|Any CPU
		{43099D0A-8BBB-4627-B7E1-73B3DBE1532F}.Release|Any CPU.Build.0 = Release|Any CPU
	EndGlobalSection
	GlobalSection(SolutionProperties) = preSolution
		HideSolutionNode = FALSE
	EndGlobalSection
	GlobalSection(ExtensibilityGlobals) = postSolution
		SolutionGuid = {2C62A56F-6D4A-4819-B574-F516C75029D2}
	EndGlobalSection
EndGlobal
